
Microsoft Visual Studio Solution File, Format Version 12.00
# Visual Studio Version 17
VisualStudioVersion = 17.9.34723.18
MinimumVisualStudioVersion = 10.0.40219.1
Project("{FAE04EC0-301F-11D3-BF4B-00C04F79EFBC}") = "Fiap_Hackathon", "Fiap_Hackathon\Fiap_Hackathon.csproj", "{E15AB5D8-9561-4A0D-A35D-BC30A6936B01}"
EndProject
Global
	GlobalSection(SolutionConfigurationPlatforms) = preSolution
		Debug|Any CPU = Debug|Any CPU
		Release|Any CPU = Release|Any CPU
	EndGlobalSection
	GlobalSection(ProjectConfigurationPlatforms) = postSolution
		{E15AB5D8-9561-4A0D-A35D-BC30A6936B01}.Debug|Any CPU.ActiveCfg = Debug|Any CPU
		{E15AB5D8-9561-4A0D-A35D-BC30A6936B01}.Debug|Any CPU.Build.0 = Debug|Any CPU
		{E15AB5D8-9561-4A0D-A35D-BC30A6936B01}.Release|Any CPU.ActiveCfg = Release|Any CPU
		{E15AB5D8-9561-4A0D-A35D-BC30A6936B01}.Release|Any CPU.Build.0 = Release|Any CPU
	EndGlobalSection
	GlobalSection(SolutionProperties) = preSolution
		HideSolutionNode = FALSE
	EndGlobalSection
	GlobalSection(ExtensibilityGlobals) = postSolution
		SolutionGuid = {C7838FD3-C7CC-4D16-9BC2-7E6B9B648804}
	EndGlobalSection
EndGlobal
